
Microsoft Visual Studio Solution File, Format Version 12.00
# Visual Studio Version 16
VisualStudioVersion = 16.0.32106.194
MinimumVisualStudioVersion = 10.0.40219.1
Project("{FAE04EC0-301F-11D3-BF4B-00C04F79EFBC}") = "Connect2SwByConsole", "SWAPILearning\Connect2SwByConsole.csproj", "{FA952FA1-343B-4244-ABDC-C11539A63398}"
EndProject
Global
	GlobalSection(SolutionConfigurationPlatforms) = preSolution
		Debug|Any CPU = Debug|Any CPU
		Debug|x64 = Debug|x64
		Release|Any CPU = Release|Any CPU
		Release|x64 = Release|x64
	EndGlobalSection
	GlobalSection(ProjectConfigurationPlatforms) = postSolution
		{FA952FA1-343B-4244-ABDC-C11539A63398}.Debug|Any CPU.ActiveCfg = Debug|Any CPU
		{FA952FA1-343B-4244-ABDC-C11539A63398}.Debug|Any CPU.Build.0 = Debug|Any CPU
		{FA952FA1-343B-4244-ABDC-C11539A63398}.Debug|x64.ActiveCfg = Debug|x64
		{FA952FA1-343B-4244-ABDC-C11539A63398}.Debug|x64.Build.0 = Debug|x64
		{FA952FA1-343B-4244-ABDC-C11539A63398}.Release|Any CPU.ActiveCfg = Release|Any CPU
		{FA952FA1-343B-4244-ABDC-C11539A63398}.Release|Any CPU.Build.0 = Release|Any CPU
		{FA952FA1-343B-4244-ABDC-C11539A63398}.Release|x64.ActiveCfg = Release|x64
		{FA952FA1-343B-4244-ABDC-C11539A63398}.Release|x64.Build.0 = Release|x64
	EndGlobalSection
	GlobalSection(SolutionProperties) = preSolution
		HideSolutionNode = FALSE
	EndGlobalSection
	GlobalSection(ExtensibilityGlobals) = postSolution
		SolutionGuid = {EE3DA70F-15BF-4642-94C8-731146A7DCE9}
	EndGlobalSection
EndGlobal
