
Microsoft Visual Studio Solution File, Format Version 12.00
# Visual Studio Version 16
VisualStudioVersion = 16.0.32106.194
MinimumVisualStudioVersion = 10.0.40219.1
Project("{FAE04EC0-301F-11D3-BF4B-00C04F79EFBC}") = "SwGUICode", "SwGUICode\SwGUICode.csproj", "{07BD3213-8138-4C48-B23D-41BCD610C94E}"
EndProject
Global
	GlobalSection(SolutionConfigurationPlatforms) = preSolution
		Debug|Any CPU = Debug|Any CPU
		Release|Any CPU = Release|Any CPU
	EndGlobalSection
	GlobalSection(ProjectConfigurationPlatforms) = postSolution
		{07BD3213-8138-4C48-B23D-41BCD610C94E}.Debug|Any CPU.ActiveCfg = Debug|Any CPU
		{07BD3213-8138-4C48-B23D-41BCD610C94E}.Debug|Any CPU.Build.0 = Debug|Any CPU
		{07BD3213-8138-4C48-B23D-41BCD610C94E}.Release|Any CPU.ActiveCfg = Release|Any CPU
		{07BD3213-8138-4C48-B23D-41BCD610C94E}.Release|Any CPU.Build.0 = Release|Any CPU
	EndGlobalSection
	GlobalSection(SolutionProperties) = preSolution
		HideSolutionNode = FALSE
	EndGlobalSection
	GlobalSection(ExtensibilityGlobals) = postSolution
		SolutionGuid = {E7DCDF96-4B98-4A56-9805-71A5802F037E}
	EndGlobalSection
EndGlobal
